dependencies:
- name: master
  repository: file://./charts/master/
  version: 2.27.0
- name: data
  repository: file://./charts/data/
  version: 2.27.0
- name: client
  repository: file://./charts/client/
  version: 2.27.0
- name: dashboard
  repository: file://./charts/dashboard/
  version: 2.25.0
digest: sha256:14c3df1b0234eab3d31d36616191042272a563f7bf35016c4192cc8d37aee5a0
generated: "2024-11-19T23:08:38.643405235+01:00"
