dependencies:
- name: mysql
  repository: https://charts.bitnami.com/bitnami
  version: 9.10.10
- name: redis
  repository: https://charts.bitnami.com/bitnami
  version: 18.3.0
- name: common
  repository: https://charts.bitnami.com/bitnami
  version: 2.14.1
- name: nginx
  repository: https://charts.bitnami.com/bitnami
  version: 15.5.2
- name: vault
  repository: https://charts.bitnami.com/bitnami
  version: 0.4.6
- name: redis
  repository: https://charts.bitnami.com/bitnami
  version: 18.1.0
digest: sha256:581230760c17677363fa7805a7a602032a7ecbad1e96f3acc641b4298ad88a1c
generated: "2024-01-02T17:24:00.613521274+01:00"
